schema: '2.0'
stages:
  data_ingestion:
    cmd: python src/cnnClassifier/pipeline/stage_01_data_ingestion.py
    deps:
    - path: config/config.yaml
      hash: md5
      md5: 3f08f918b3a3da698919385282d63c9f
      size: 582
    - path: src/cnnClassifier/pipeline/stage_01_data_ingestion.py
      hash: md5
      md5: c828609f0bd54188ae5a87473622b31a
      size: 920
    outs:
    - path: artifacts/data_ingestion/Chest-CT-Scan-data
      hash: md5
      md5: 904fa45d934ce879b3b1933dca6cb2f1.dir
      size: 49247431
      nfiles: 343
  prepare_base_model:
    cmd: python src/cnnClassifier/pipeline/stage_02_prepare_base_model.py
    deps:
    - path: config/config.yaml
      hash: md5
      md5: 3f08f918b3a3da698919385282d63c9f
      size: 582
    - path: src/cnnClassifier/pipeline/stage_02_prepare_base_model.py
      hash: md5
      md5: 22449ae3b07f8c6e104189f79a6c3060
      size: 1022
    params:
      params.yaml:
        CLASSES: 2
        IMAGE_SIZE:
        - 224
        - 224
        - 3
        INCLUDE_TOP: false
        LEARNING_RATE: 0.01
        WEIGHTS: imagenet
    outs:
    - path: artifacts/prepare_base_model
      hash: md5
      md5: 1ee9923e392c24282ed931cc2c234079.dir
      size: 118073624
      nfiles: 2
  training:
    cmd: python src/cnnClassifier/pipeline/stage_03_model_trainer.py
    deps:
    - path: artifacts/data_ingestion/Chest-CT-Scan-data
      hash: md5
      md5: 904fa45d934ce879b3b1933dca6cb2f1.dir
      size: 49247431
      nfiles: 343
    - path: artifacts/prepare_base_model
      hash: md5
      md5: 1ee9923e392c24282ed931cc2c234079.dir
      size: 118073624
      nfiles: 2
    - path: config/config.yaml
      hash: md5
      md5: 3f08f918b3a3da698919385282d63c9f
      size: 582
    - path: src/cnnClassifier/pipeline/stage_03_model_trainer.py
      hash: md5
      md5: faec3435d69108bab8e3de8395a9dd06
      size: 931
    params:
      params.yaml:
        AUGMENTATION: false
        BATCH_SIZE: 16
        EPOCHS: 5
        IMAGE_SIZE:
        - 224
        - 224
        - 3
    outs:
    - path: artifacts/training/model.h5
      hash: md5
      md5: d1d459414636ea79de3fc5cc2ed63ade
      size: 59551336
  evaluation:
    cmd: python src/cnnClassifier/pipeline/stage_04_model_evaluation.py
    deps:
    - path: artifacts/data_ingestion/Chest-CT-Scan-data
      hash: md5
      md5: 904fa45d934ce879b3b1933dca6cb2f1.dir
      size: 49247431
      nfiles: 343
    - path: artifacts/training/model.h5
      hash: md5
      md5: d1d459414636ea79de3fc5cc2ed63ade
      size: 59551336
    - path: config/config.yaml
      hash: md5
      md5: 3f08f918b3a3da698919385282d63c9f
      size: 582
    - path: src/cnnClassifier/pipeline/stage_04_model_evaluation.py
      hash: md5
      md5: fd58e4b9a24472fbc8e5c60cbb238884
      size: 917
    params:
      params.yaml:
        BATCH_SIZE: 16
        IMAGE_SIZE:
        - 224
        - 224
        - 3
    outs:
    - path: scores.json
      hash: md5
      md5: 8cf963de22eb502269b824f85db47193
      size: 60
